
Microsoft Visual Studio Solution File, Format Version 11.00
# Visual Studio 2010
# SharpDevelop 5.1
Project("{FAE04EC0-301F-11D3-BF4B-00C04F79EFBC}") = "Tarea-Cubo", "Tarea-Cubo\Tarea-Cubo.csproj", "{A67ABFFC-0FCD-4078-B330-E83B84FB298B}"
EndProject
Global
	GlobalSection(SolutionConfigurationPlatforms) = preSolution
		Debug|Any CPU = Debug|Any CPU
		Release|Any CPU = Release|Any CPU
	EndGlobalSection
	GlobalSection(ProjectConfigurationPlatforms) = postSolution
		{A67ABFFC-0FCD-4078-B330-E83B84FB298B}.Debug|Any CPU.ActiveCfg = Debug|Any CPU
		{A67ABFFC-0FCD-4078-B330-E83B84FB298B}.Debug|Any CPU.Build.0 = Debug|Any CPU
		{A67ABFFC-0FCD-4078-B330-E83B84FB298B}.Release|Any CPU.ActiveCfg = Release|Any CPU
		{A67ABFFC-0FCD-4078-B330-E83B84FB298B}.Release|Any CPU.Build.0 = Release|Any CPU
	EndGlobalSection
EndGlobal
